
Microsoft Visual Studio Solution File, Format Version 12.00
# Visual Studio Version 16
VisualStudioVersion = 16.0.35130.168
MinimumVisualStudioVersion = 10.0.40219.1
Project("{FAE04EC0-301F-11D3-BF4B-00C04F79EFBC}") = "ProgramTakmicenja", "ProgramTakmicenja.csproj", "{172604B1-A9A8-43DF-A50E-DDCA12575EAB}"
EndProject
Global
	GlobalSection(SolutionConfigurationPlatforms) = preSolution
		Debug|Any CPU = Debug|Any CPU
		Release|Any CPU = Release|Any CPU
	EndGlobalSection
	GlobalSection(ProjectConfigurationPlatforms) = postSolution
		{172604B1-A9A8-43DF-A50E-DDCA12575EAB}.Debug|Any CPU.ActiveCfg = Debug|Any CPU
		{172604B1-A9A8-43DF-A50E-DDCA12575EAB}.Debug|Any CPU.Build.0 = Debug|Any CPU
		{172604B1-A9A8-43DF-A50E-DDCA12575EAB}.Release|Any CPU.ActiveCfg = Release|Any CPU
		{172604B1-A9A8-43DF-A50E-DDCA12575EAB}.Release|Any CPU.Build.0 = Release|Any CPU
	EndGlobalSection
	GlobalSection(SolutionProperties) = preSolution
		HideSolutionNode = FALSE
	EndGlobalSection
	GlobalSection(ExtensibilityGlobals) = postSolution
		SolutionGuid = {89DAF62E-7CA9-487A-881F-436010EE910C}
	EndGlobalSection
EndGlobal
